// !$*UTF8*$!
{
	archiveVersion = 1;
	classes = {
	};
	objectVersion = 48;
	objects = {

/* Begin PBXBuildFile section */
		4AC6349E88B5E1F3E36DFDF2 /* Pods_VaporFirebaseDemo_ClientApp.framework in Frameworks */ = {isa = PBXBuildFile; fileRef = BC9E062A6048BCB3A6EC0F99 /* Pods_VaporFirebaseDemo_ClientApp.framework */; };
		A4B3071E2043BB100010AB4B /* AppDelegate.swift in Sources */ = {isa = PBXBuildFile; fileRef = A4B3071D2043BB100010AB4B /* AppDelegate.swift */; };
		A4B307202043BB100010AB4B /* ViewController.swift in Sources */ = {isa = PBXBuildFile; fileRef = A4B3071F2043BB100010AB4B /* ViewController.swift */; };
		A4B307232043BB100010AB4B /* Main.storyboard in Resources */ = {isa = PBXBuildFile; fileRef = A4B307212043BB100010AB4B /* Main.storyboard */; };
		A4B307252043BB100010AB4B /* Assets.xcassets in Resources */ = {isa = PBXBuildFile; fileRef = A4B307242043BB100010AB4B /* Assets.xcassets */; };
		A4B307282043BB100010AB4B /* LaunchScreen.storyboard in Resources */ = {isa = PBXBuildFile; fileRef = A4B307262043BB100010AB4B /* LaunchScreen.storyboard */; };
/* End PBXBuildFile section */

/* Begin PBXFileReference section */
		08E18EA31187F021B84F5E89 /* Pods-VaporFirebaseDemo-ClientApp.release.xcconfig */ = {isa = PBXFileReference; includeInIndex = 1; lastKnownFileType = text.xcconfig; name = "Pods-VaporFirebaseDemo-ClientApp.release.xcconfig"; path = "Pods/Target Support Files/Pods-VaporFirebaseDemo-ClientApp/Pods-VaporFirebaseDemo-ClientApp.release.xcconfig"; sourceTree = "<group>"; };
		A4B3071A2043BB100010AB4B /* VaporFirebaseDemo-ClientApp.app */ = {isa = PBXFileReference; explicitFileType = wrapper.application; includeInIndex = 0; path = "VaporFirebaseDemo-ClientApp.app"; sourceTree = BUILT_PRODUCTS_DIR; };
		A4B3071D2043BB100010AB4B /* AppDelegate.swift */ = {isa = PBXFileReference; lastKnownFileType = sourcecode.swift; path = AppDelegate.swift; sourceTree = "<group>"; };
		A4B3071F2043BB100010AB4B /* ViewController.swift */ = {isa = PBXFileReference; lastKnownFileType = sourcecode.swift; path = ViewController.swift; sourceTree = "<group>"; };
		A4B307222043BB100010AB4B /* Base */ = {isa = PBXFileReference; lastKnownFileType = file.storyboard; name = Base; path = Base.lproj/Main.storyboard; sourceTree = "<group>"; };
		A4B307242043BB100010AB4B /* Assets.xcassets */ = {isa = PBXFileReference; lastKnownFileType = folder.assetcatalog; path = Assets.xcassets; sourceTree = "<group>"; };
		A4B307272043BB100010AB4B /* Base */ = {isa = PBXFileReference; lastKnownFileType = file.storyboard; name = Base; path = Base.lproj/LaunchScreen.storyboard; sourceTree = "<group>"; };
		A4B307292043BB100010AB4B /* Info.plist */ = {isa = PBXFileReference; lastKnownFileType = text.plist.xml; path = Info.plist; sourceTree = "<group>"; };
		BB60EE4AFC8E71C7260E5C92 /* Pods-VaporFirebaseDemo-ClientApp.debug.xcconfig */ = {isa = PBXFileReference; includeInIndex = 1; lastKnownFileType = text.xcconfig; name = "Pods-VaporFirebaseDemo-ClientApp.debug.xcconfig"; path = "Pods/Target Support Files/Pods-VaporFirebaseDemo-ClientApp/Pods-VaporFirebaseDemo-ClientApp.debug.xcconfig"; sourceTree = "<group>"; };
		BC9E062A6048BCB3A6EC0F99 /* Pods_VaporFirebaseDemo_ClientApp.framework */ = {isa = PBXFileReference; explicitFileType = wrapper.framework; includeInIndex = 0; path = Pods_VaporFirebaseDemo_ClientApp.framework; sourceTree = BUILT_PRODUCTS_DIR; };
/* End PBXFileReference section */

/* Begin PBXFrameworksBuildPhase section */
		A4B307172043BB100010AB4B /* Frameworks */ = {
			isa = PBXFrameworksBuildPhase;
			buildActionMask = 2147483647;
			files = (
				4AC6349E88B5E1F3E36DFDF2 /* Pods_VaporFirebaseDemo_ClientApp.framework in Frameworks */,
			);
			runOnlyForDeploymentPostprocessing = 0;
		};
/* End PBXFrameworksBuildPhase section */

/* Begin PBXGroup section */
		71EAC9271353C876AB21E316 /* Pods */ = {
			isa = PBXGroup;
			children = (
				BB60EE4AFC8E71C7260E5C92 /* Pods-VaporFirebaseDemo-ClientApp.debug.xcconfig */,
				08E18EA31187F021B84F5E89 /* Pods-VaporFirebaseDemo-ClientApp.release.xcconfig */,
			);
			name = Pods;
			sourceTree = "<group>";
		};
		A4B307112043BB100010AB4B = {
			isa = PBXGroup;
			children = (
				A4B3071C2043BB100010AB4B /* VaporFirebaseDemo-ClientApp */,
				A4B3071B2043BB100010AB4B /* Products */,
				71EAC9271353C876AB21E316 /* Pods */,
				C54AE17C61B646D1B59AB206 /* Frameworks */,
			);
			sourceTree = "<group>";
		};
		A4B3071B2043BB100010AB4B /* Products */ = {
			isa = PBXGroup;
			children = (
				A4B3071A2043BB100010AB4B /* VaporFirebaseDemo-ClientApp.app */,
			);
			name = Products;
			sourceTree = "<group>";
		};
		A4B3071C2043BB100010AB4B /* VaporFirebaseDemo-ClientApp */ = {
			isa = PBXGroup;
			children = (
				A4B3071D2043BB100010AB4B /* AppDelegate.swift */,
				A4B3071F2043BB100010AB4B /* ViewController.swift */,
				A4B307212043BB100010AB4B /* Main.storyboard */,
				A4B307242043BB100010AB4B /* Assets.xcassets */,
				A4B307262043BB100010AB4B /* LaunchScreen.storyboard */,
				A4B307292043BB100010AB4B /* Info.plist */,
			);
			path = "VaporFirebaseDemo-ClientApp";
			sourceTree = "<group>";
		};
		C54AE17C61B646D1B59AB206 /* Frameworks */ = {
			isa = PBXGroup;
			children = (
				BC9E062A6048BCB3A6EC0F99 /* Pods_VaporFirebaseDemo_ClientApp.framework */,
			);
			name = Frameworks;
			sourceTree = "<group>";
		};
/* End PBXGroup section */

/* Begin PBXNativeTarget section */
		A4B307192043BB100010AB4B /* VaporFirebaseDemo-ClientApp */ = {
			isa = PBXNativeTarget;
			buildConfigurationList = A4B3072C2043BB100010AB4B /* Build configuration list for PBXNativeTarget "VaporFirebaseDemo-ClientApp" */;
			buildPhases = (
				41577D9B5F8A833EE238ED5B /* [CP] Check Pods Manifest.lock */,
				A4B307162043BB100010AB4B /* Sources */,
				A4B307172043BB100010AB4B /* Frameworks */,
				A4B307182043BB100010AB4B /* Resources */,
				831ACF926B836DBD800EFC60 /* [CP] Embed Pods Frameworks */,
				36CE4D8D40752E7C7249BAC3 /* [CP] Copy Pods Resources */,
			);
			buildRules = (
			);
			dependencies = (
			);
			name = "VaporFirebaseDemo-ClientApp";
			productName = "VaporFirebaseDemo-ClientApp";
			productReference = A4B3071A2043BB100010AB4B /* VaporFirebaseDemo-ClientApp.app */;
			productType = "com.apple.product-type.application";
		};
/* End PBXNativeTarget section */

/* Begin PBXProject section */
		A4B307122043BB100010AB4B /* Project object */ = {
			isa = PBXProject;
			attributes = {
				LastSwiftUpdateCheck = 0920;
				LastUpgradeCheck = 0920;
				ORGANIZATIONNAME = "Tyler Milner";
				TargetAttributes = {
					A4B307192043BB100010AB4B = {
						CreatedOnToolsVersion = 9.2;
						ProvisioningStyle = Automatic;
					};
				};
			};
			buildConfigurationList = A4B307152043BB100010AB4B /* Build configuration list for PBXProject "VaporFirebaseDemo-ClientApp" */;
			compatibilityVersion = "Xcode 8.0";
			developmentRegion = en;
			hasScannedForEncodings = 0;
			knownRegions = (
				en,
				Base,
			);
			mainGroup = A4B307112043BB100010AB4B;
			productRefGroup = A4B3071B2043BB100010AB4B /* Products */;
			projectDirPath = "";
			projectRoot = "";
			targets = (
				A4B307192043BB100010AB4B /* VaporFirebaseDemo-ClientApp */,
			);
		};
/* End PBXProject section */

/* Begin PBXResourcesBuildPhase section */
		A4B307182043BB100010AB4B /* Resources */ = {
			isa = PBXResourcesBuildPhase;
			buildActionMask = 2147483647;
			files = (
				A4B307282043BB100010AB4B /* LaunchScreen.storyboard in Resources */,
				A4B307252043BB100010AB4B /* Assets.xcassets in Resources */,
				A4B307232043BB100010AB4B /* Main.storyboard in Resources */,
			);
			runOnlyForDeploymentPostprocessing = 0;
		};
/* End PBXResourcesBuildPhase section */

/* Begin PBXShellScriptBuildPhase section */
		36CE4D8D40752E7C7249BAC3 /* [CP] Copy Pods Resources */ = {
			isa = PBXShellScriptBuildPhase;
			buildActionMask = 2147483647;
			files = (
			);
			inputPaths = (
			);
			name = "[CP] Copy Pods Resources";
			outputPaths = (
			);
			runOnlyForDeploymentPostprocessing = 0;
			shellPath = /bin/sh;
			shellScript = "\"${SRCROOT}/Pods/Target Support Files/Pods-VaporFirebaseDemo-ClientApp/Pods-VaporFirebaseDemo-ClientApp-resources.sh\"\n";
			showEnvVarsInLog = 0;
		};
		41577D9B5F8A833EE238ED5B /* [CP] Check Pods Manifest.lock */ = {
			isa = PBXShellScriptBuildPhase;
			buildActionMask = 2147483647;
			files = (
			);
			inputPaths = (
				"${PODS_PODFILE_DIR_PATH}/Podfile.lock",
				"${PODS_ROOT}/Manifest.lock",
			);
			name = "[CP] Check Pods Manifest.lock";
			outputPaths = (
				"$(DERIVED_FILE_DIR)/Pods-VaporFirebaseDemo-ClientApp-checkManifestLockResult.txt",
			);
			runOnlyForDeploymentPostprocessing = 0;
			shellPath = /bin/sh;
			shellScript = "diff \"${PODS_PODFILE_DIR_PATH}/Podfile.lock\" \"${PODS_ROOT}/Manifest.lock\" > /dev/null\nif [ $? != 0 ] ; then\n    # print error to STDERR\n    echo \"error: The sandbox is not in sync with the Podfile.lock. Run 'pod install' or update your CocoaPods installation.\" >&2\n    exit 1\nfi\n# This output is used by Xcode 'outputs' to avoid re-running this script phase.\necho \"SUCCESS\" > \"${SCRIPT_OUTPUT_FILE_0}\"\n";
			showEnvVarsInLog = 0;
		};
		831ACF926B836DBD800EFC60 /* [CP] Embed Pods Frameworks */ = {
			isa = PBXShellScriptBuildPhase;
			buildActionMask = 2147483647;
			files = (
			);
			inputPaths = (
				"${SRCROOT}/Pods/Target Support Files/Pods-VaporFirebaseDemo-ClientApp/Pods-VaporFirebaseDemo-ClientApp-frameworks.sh",
				"${BUILT_PRODUCTS_DIR}/BoringSSL/openssl.framework",
				"${BUILT_PRODUCTS_DIR}/GTMSessionFetcher/GTMSessionFetcher.framework",
				"${BUILT_PRODUCTS_DIR}/GoogleToolboxForMac/GoogleToolboxForMac.framework",
				"${BUILT_PRODUCTS_DIR}/Protobuf/Protobuf.framework",
				"${BUILT_PRODUCTS_DIR}/gRPC/GRPCClient.framework",
				"${BUILT_PRODUCTS_DIR}/gRPC-Core/grpc.framework",
				"${BUILT_PRODUCTS_DIR}/gRPC-ProtoRPC/ProtoRPC.framework",
				"${BUILT_PRODUCTS_DIR}/gRPC-RxLibrary/RxLibrary.framework",
				"${BUILT_PRODUCTS_DIR}/leveldb-library/leveldb.framework",
				"${BUILT_PRODUCTS_DIR}/nanopb/nanopb.framework",
			);
			name = "[CP] Embed Pods Frameworks";
			outputPaths = (
				"${TARGET_BUILD_DIR}/${FRAMEWORKS_FOLDER_PATH}/openssl.framework",
				"${TARGET_BUILD_DIR}/${FRAMEWORKS_FOLDER_PATH}/GTMSessionFetcher.framework",
				"${TARGET_BUILD_DIR}/${FRAMEWORKS_FOLDER_PATH}/GoogleToolboxForMac.framework",
				"${TARGET_BUILD_DIR}/${FRAMEWORKS_FOLDER_PATH}/Protobuf.framework",
				"${TARGET_BUILD_DIR}/${FRAMEWORKS_FOLDER_PATH}/GRPCClient.framework",
				"${TARGET_BUILD_DIR}/${FRAMEWORKS_FOLDER_PATH}/grpc.framework",
				"${TARGET_BUILD_DIR}/${FRAMEWORKS_FOLDER_PATH}/ProtoRPC.framework",
				"${TARGET_BUILD_DIR}/${FRAMEWORKS_FOLDER_PATH}/RxLibrary.framework",
				"${TARGET_BUILD_DIR}/${FRAMEWORKS_FOLDER_PATH}/leveldb.framework",
				"${TARGET_BUILD_DIR}/${FRAMEWORKS_FOLDER_PATH}/nanopb.framework",
			);
			runOnlyForDeploymentPostprocessing = 0;
			shellPath = /bin/sh;
			shellScript = "\"${SRCROOT}/Pods/Target Support Files/Pods-VaporFirebaseDemo-ClientApp/Pods-VaporFirebaseDemo-ClientApp-frameworks.sh\"\n";
			showEnvVarsInLog = 0;
		};
/* End PBXShellScriptBuildPhase section */

/* Begin PBXSourcesBuildPhase section */
		A4B307162043BB100010AB4B /* Sources */ = {
			isa = PBXSourcesBuildPhase;
			buildActionMask = 2147483647;
			files = (
				A4B307202043BB100010AB4B /* ViewController.swift in Sources */,
				A4B3071E2043BB100010AB4B /* AppDelegate.swift in Sources */,
			);
			runOnlyForDeploymentPostprocessing = 0;
		};
/* End PBXSourcesBuildPhase section */

/* Begin PBXVariantGroup section */
		A4B307212043BB100010AB4B /* Main.storyboard */ = {
			isa = PBXVariantGroup;
			children = (
				A4B307222043BB100010AB4B /* Base */,
			);
			name = Main.storyboard;
			sourceTree = "<group>";
		};
		A4B307262043BB100010AB4B /* LaunchScreen.storyboard */ = {
			isa = PBXVariantGroup;
			children = (
				A4B307272043BB100010AB4B /* Base */,
			);
			name = LaunchScreen.storyboard;
			sourceTree = "<group>";
		};
/* End PBXVariantGroup section */

/* Begin XCBuildConfiguration section */
		A4B3072A2043BB100010AB4B /* Debug */ = {
			isa = XCBuildConfiguration;
			buildSettings = {
				ALWAYS_SEARCH_USER_PATHS = NO;
				CLANG_ANALYZER_NONNULL = YES;
				CLANG_ANALYZER_NUMBER_OBJECT_CONVERSION = YES_AGGRESSIVE;
				CLANG_CXX_LANGUAGE_STANDARD = "gnu++14";
				CLANG_CXX_LIBRARY = "libc++";
				CLANG_ENABLE_MODULES = YES;
				CLANG_ENABLE_OBJC_ARC = YES;
				CLANG_WARN_BLOCK_CAPTURE_AUTORELEASING = YES;
				CLANG_WARN_BOOL_CONVERSION = YES;
				CLANG_WARN_COMMA = YES;
				CLANG_WARN_CONSTANT_CONVERSION = YES;
				CLANG_WARN_DIRECT_OBJC_ISA_USAGE = YES_ERROR;
				CLANG_WARN_DOCUMENTATION_COMMENTS = YES;
				CLANG_WARN_EMPTY_BODY = YES;
				CLANG_WARN_ENUM_CONVERSION = YES;
				CLANG_WARN_INFINITE_RECURSION = YES;
				CLANG_WARN_INT_CONVERSION = YES;
				CLANG_WARN_NON_LITERAL_NULL_CONVERSION = YES;
				CLANG_WARN_OBJC_LITERAL_CONVERSION = YES;
				CLANG_WARN_OBJC_ROOT_CLASS = YES_ERROR;
				CLANG_WARN_RANGE_LOOP_ANALYSIS = YES;
				CLANG_WARN_STRICT_PROTOTYPES = YES;
				CLANG_WARN_SUSPICIOUS_MOVE = YES;
				CLANG_WARN_UNGUARDED_AVAILABILITY = YES_AGGRESSIVE;
				CLANG_WARN_UNREACHABLE_CODE = YES;
				CLANG_WARN__DUPLICATE_METHOD_MATCH = YES;
				CODE_SIGN_IDENTITY = "iPhone Developer";
				COPY_PHASE_STRIP = NO;
				DEBUG_INFORMATION_FORMAT = dwarf;
				ENABLE_STRICT_OBJC_MSGSEND = YES;
				ENABLE_TESTABILITY = YES;
				GCC_C_LANGUAGE_STANDARD = gnu11;
				GCC_DYNAMIC_NO_PIC = NO;
				GCC_NO_COMMON_BLOCKS = YES;
				GCC_OPTIMIZATION_LEVEL = 0;
				GCC_PREPROCESSOR_DEFINITIONS = (
					"DEBUG=1",
					"$(inherited)",
				);
				GCC_WARN_64_TO_32_BIT_CONVERSION = YES;
				GCC_WARN_ABOUT_RETURN_TYPE = YES_ERROR;
				GCC_WARN_UNDECLARED_SELECTOR = YES;
				GCC_WARN_UNINITIALIZED_AUTOS = YES_AGGRESSIVE;
				GCC_WARN_UNUSED_FUNCTION = YES;
				GCC_WARN_UNUSED_VARIABLE = YES;
				IPHONEOS_DEPLOYMENT_TARGET = 11.2;
				MTL_ENABLE_DEBUG_INFO = YES;
				ONLY_ACTIVE_ARCH = YES;
				SDKROOT = iphoneos;
				SWIFT_ACTIVE_COMPILATION_CONDITIONS = DEBUG;
				SWIFT_OPTIMIZATION_LEVEL = "-Onone";
			};
			name = Debug;
		};
		A4B3072B2043BB100010AB4B /* Release */ = {
			isa = XCBuildConfiguration;
			buildSettings = {
				ALWAYS_SEARCH_USER_PATHS = NO;
				CLANG_ANALYZER_NONNULL = YES;
				CLANG_ANALYZER_NUMBER_OBJECT_CONVERSION = YES_AGGRESSIVE;
				CLANG_CXX_LANGUAGE_STANDARD = "gnu++14";
				CLANG_CXX_LIBRARY = "libc++";
				CLANG_ENABLE_MODULES = YES;
				CLANG_ENABLE_OBJC_ARC = YES;
				CLANG_WARN_BLOCK_CAPTURE_AUTORELEASING = YES;
				CLANG_WARN_BOOL_CONVERSION = YES;
				CLANG_WARN_COMMA = YES;
				CLANG_WARN_CONSTANT_CONVERSION = YES;
				CLANG_WARN_DIRECT_OBJC_ISA_USAGE = YES_ERROR;
				CLANG_WARN_DOCUMENTATION_COMMENTS = YES;
				CLANG_WARN_EMPTY_BODY = YES;
				CLANG_WARN_ENUM_CONVERSION = YES;
				CLANG_WARN_INFINITE_RECURSION = YES;
				CLANG_WARN_INT_CONVERSION = YES;
				CLANG_WARN_NON_LITERAL_NULL_CONVERSION = YES;
				CLANG_WARN_OBJC_LITERAL_CONVERSION = YES;
				CLANG_WARN_OBJC_ROOT_CLASS = YES_ERROR;
				CLANG_WARN_RANGE_LOOP_ANALYSIS = YES;
				CLANG_WARN_STRICT_PROTOTYPES = YES;
				CLANG_WARN_SUSPICIOUS_MOVE = YES;
				CLANG_WARN_UNGUARDED_AVAILABILITY = YES_AGGRESSIVE;
				CLANG_WARN_UNREACHABLE_CODE = YES;
				CLANG_WARN__DUPLICATE_METHOD_MATCH = YES;
				CODE_SIGN_IDENTITY = "iPhone Developer";
				COPY_PHASE_STRIP = NO;
				DEBUG_INFORMATION_FORMAT = "dwarf-with-dsym";
				ENABLE_NS_ASSERTIONS = NO;
				ENABLE_STRICT_OBJC_MSGSEND = YES;
				GCC_C_LANGUAGE_STANDARD = gnu11;
				GCC_NO_COMMON_BLOCKS = YES;
				GCC_WARN_64_TO_32_BIT_CONVERSION = YES;
				GCC_WARN_ABOUT_RETURN_TYPE = YES_ERROR;
				GCC_WARN_UNDECLARED_SELECTOR = YES;
				GCC_WARN_UNINITIALIZED_AUTOS = YES_AGGRESSIVE;
				GCC_WARN_UNUSED_FUNCTION = YES;
				GCC_WARN_UNUSED_VARIABLE = YES;
				IPHONEOS_DEPLOYMENT_TARGET = 11.2;
				MTL_ENABLE_DEBUG_INFO = NO;
				SDKROOT = iphoneos;
				SWIFT_OPTIMIZATION_LEVEL = "-Owholemodule";
				VALIDATE_PRODUCT = YES;
			};
			name = Release;
		};
		A4B3072D2043BB100010AB4B /* Debug */ = {
			isa = XCBuildConfiguration;
			baseConfigurationReference = BB60EE4AFC8E71C7260E5C92 /* Pods-VaporFirebaseDemo-ClientApp.debug.xcconfig */;
			buildSettings = {
				ASSETCATALOG_COMPILER_APPICON_NAME = AppIcon;
				CODE_SIGN_STYLE = Automatic;
				INFOPLIST_FILE = "VaporFirebaseDemo-ClientApp/Info.plist";
				LD_RUNPATH_SEARCH_PATHS = "$(inherited) @executable_path/Frameworks";
				PRODUCT_BUNDLE_IDENTIFIER = "com.tylermilner.VaporFirebaseDemo-ClientApp";
				PRODUCT_NAME = "$(TARGET_NAME)";
				SWIFT_VERSION = 4.0;
				TARGETED_DEVICE_FAMILY = "1,2";
			};
			name = Debug;
		};
		A4B3072E2043BB100010AB4B /* Release */ = {
			isa = XCBuildConfiguration;
			baseConfigurationReference = 08E18EA31187F021B84F5E89 /* Pods-VaporFirebaseDemo-ClientApp.release.xcconfig */;
			buildSettings = {
				ASSETCATALOG_COMPILER_APPICON_NAME = AppIcon;
				CODE_SIGN_STYLE = Automatic;
				INFOPLIST_FILE = "VaporFirebaseDemo-ClientApp/Info.plist";
				LD_RUNPATH_SEARCH_PATHS = "$(inherited) @executable_path/Frameworks";
				PRODUCT_BUNDLE_IDENTIFIER = "com.tylermilner.VaporFirebaseDemo-ClientApp";
				PRODUCT_NAME = "$(TARGET_NAME)";
				SWIFT_VERSION = 4.0;
				TARGETED_DEVICE_FAMILY = "1,2";
			};
			name = Release;
		};
/* End XCBuildConfiguration section */

/* Begin XCConfigurationList section */
		A4B307152043BB100010AB4B /* Build configuration list for PBXProject "VaporFirebaseDemo-ClientApp" */ = {
			isa = XCConfigurationList;
			buildConfigurations = (
				A4B3072A2043BB100010AB4B /* Debug */,
				A4B3072B2043BB100010AB4B /* Release */,
			);
			defaultConfigurationIsVisible = 0;
			defaultConfigurationName = Release;
		};
		A4B3072C2043BB100010AB4B /* Build configuration list for PBXNativeTarget "VaporFirebaseDemo-ClientApp" */ = {
			isa = XCConfigurationList;
			buildConfigurations = (
				A4B3072D2043BB100010AB4B /* Debug */,
				A4B3072E2043BB100010AB4B /* Release */,
			);
			defaultConfigurationIsVisible = 0;
			defaultConfigurationName = Release;
		};
/* End XCConfigurationList section */
	};
	rootObject = A4B307122043BB100010AB4B /* Project object */;
}
